// !$*UTF8*$!
{
	archiveVersion = 1;
	classes = {
	};
	objectVersion = 50;
	objects = {

/* Begin PBXBuildFile section */
		8D07ABC724DABA7F00DD413D /* MainPage.swift in Sources */ = {isa = PBXBuildFile; fileRef = 8D07ABC624DABA7F00DD413D /* MainPage.swift */; };
		8D165A6B24D979AA00D06C77 /* SettingProvider.swift in Sources */ = {isa = PBXBuildFile; fileRef = 8D165A6A24D979AA00D06C77 /* SettingProvider.swift */; };
		8D165A6E24D99D1600D06C77 /* MainPageProvider.swift in Sources */ = {isa = PBXBuildFile; fileRef = 8D165A6D24D99D1600D06C77 /* MainPageProvider.swift */; };
		8D165A7024D9A44000D06C77 /* MessageScreenViewImpl.swift in Sources */ = {isa = PBXBuildFile; fileRef = 8D165A6F24D9A44000D06C77 /* MessageScreenViewImpl.swift */; };
		8D165A7224D9A73300D06C77 /* ProfileScreenViewImpl.swift in Sources */ = {isa = PBXBuildFile; fileRef = 8D165A7124D9A73300D06C77 /* ProfileScreenViewImpl.swift */; };
		8D6A00FF24D1A6FD00D91F34 /* Di.swift in Sources */ = {isa = PBXBuildFile; fileRef = 8D6A00FE24D1A6FD00D91F34 /* Di.swift */; };
		8D6A010424D1A76900D91F34 /* Router.swift in Sources */ = {isa = PBXBuildFile; fileRef = 8D6A010224D1A76900D91F34 /* Router.swift */; };
		8D6A010524D1A76900D91F34 /* Coordinator.swift in Sources */ = {isa = PBXBuildFile; fileRef = 8D6A010324D1A76900D91F34 /* Coordinator.swift */; };
		8D6A010E24D1A77B00D91F34 /* Optional+Apply.swift in Sources */ = {isa = PBXBuildFile; fileRef = 8D6A010724D1A77B00D91F34 /* Optional+Apply.swift */; };
		8D6A010F24D1A77B00D91F34 /* Optional+Execute.swift in Sources */ = {isa = PBXBuildFile; fileRef = 8D6A010824D1A77B00D91F34 /* Optional+Execute.swift */; };
		8D6A011024D1A77B00D91F34 /* Functions.swift in Sources */ = {isa = PBXBuildFile; fileRef = 8D6A010924D1A77B00D91F34 /* Functions.swift */; };
		8D6A011124D1A77B00D91F34 /* KeychainWrapper.swift in Sources */ = {isa = PBXBuildFile; fileRef = 8D6A010B24D1A77B00D91F34 /* KeychainWrapper.swift */; };
		8D6A011224D1A77B00D91F34 /* KeychainItemAccessibility.swift in Sources */ = {isa = PBXBuildFile; fileRef = 8D6A010C24D1A77B00D91F34 /* KeychainItemAccessibility.swift */; };
		8D6A011324D1A77B00D91F34 /* Types.swift in Sources */ = {isa = PBXBuildFile; fileRef = 8D6A010D24D1A77B00D91F34 /* Types.swift */; };
		8D6A012324D1A78700D91F34 /* UIAlertControllerCommonInputData.swift in Sources */ = {isa = PBXBuildFile; fileRef = 8D6A011624D1A78700D91F34 /* UIAlertControllerCommonInputData.swift */; };
		8D6A012424D1A78700D91F34 /* UIAlertController+InitFromCommonInputData.swift in Sources */ = {isa = PBXBuildFile; fileRef = 8D6A011724D1A78700D91F34 /* UIAlertController+InitFromCommonInputData.swift */; };
		8D6A012524D1A78700D91F34 /* UIView+addSubviewWithSameSize.swift in Sources */ = {isa = PBXBuildFile; fileRef = 8D6A011924D1A78700D91F34 /* UIView+addSubviewWithSameSize.swift */; };
		8D6A012624D1A78700D91F34 /* UIView+hide.swift in Sources */ = {isa = PBXBuildFile; fileRef = 8D6A011A24D1A78700D91F34 /* UIView+hide.swift */; };
		8D6A012724D1A78700D91F34 /* loadFromNib.swift in Sources */ = {isa = PBXBuildFile; fileRef = 8D6A011B24D1A78700D91F34 /* loadFromNib.swift */; };
		8D6A012824D1A78700D91F34 /* BaseViewController.swift in Sources */ = {isa = PBXBuildFile; fileRef = 8D6A011D24D1A78700D91F34 /* BaseViewController.swift */; };
		8D6A012924D1A78700D91F34 /* ContainerViewController.swift in Sources */ = {isa = PBXBuildFile; fileRef = 8D6A011E24D1A78700D91F34 /* ContainerViewController.swift */; };
		8D6A012A24D1A78700D91F34 /* UITableView + dequeue.swift in Sources */ = {isa = PBXBuildFile; fileRef = 8D6A012024D1A78700D91F34 /* UITableView + dequeue.swift */; };
		8D6A012B24D1A78700D91F34 /* PreviewContainer.swift in Sources */ = {isa = PBXBuildFile; fileRef = 8D6A012224D1A78700D91F34 /* PreviewContainer.swift */; };
		8D6A013324D1A7C200D91F34 /* ApplicationCoordinator.swift in Sources */ = {isa = PBXBuildFile; fileRef = 8D6A012F24D1A7C200D91F34 /* ApplicationCoordinator.swift */; };
		8D6A013524D1A7C200D91F34 /* StartCoordinator.swift in Sources */ = {isa = PBXBuildFile; fileRef = 8D6A013124D1A7C200D91F34 /* StartCoordinator.swift */; };
		8D6A013E24D1A7E600D91F34 /* SplashScreenVC.swift in Sources */ = {isa = PBXBuildFile; fileRef = 8D6A013924D1A7E600D91F34 /* SplashScreenVC.swift */; };
		8D6A014024D1A7E600D91F34 /* SplashScreenViewImpl.xib in Resources */ = {isa = PBXBuildFile; fileRef = 8D6A013C24D1A7E600D91F34 /* SplashScreenViewImpl.xib */; };
		8D6A014124D1A7E600D91F34 /* SplashScreenViewImpl.swift in Sources */ = {isa = PBXBuildFile; fileRef = 8D6A013D24D1A7E600D91F34 /* SplashScreenViewImpl.swift */; };
		8D6A014524D1B16D00D91F34 /* MainScreenVC.swift in Sources */ = {isa = PBXBuildFile; fileRef = 8D6A014424D1B16D00D91F34 /* MainScreenVC.swift */; };
		8D6A014A24D1B4DB00D91F34 /* MainScreenViewImpl.swift in Sources */ = {isa = PBXBuildFile; fileRef = 8D6A014924D1B4DB00D91F34 /* MainScreenViewImpl.swift */; };
		8D6A014C24D1B71300D91F34 /* TabBarCoordinator.swift in Sources */ = {isa = PBXBuildFile; fileRef = 8D6A014B24D1B71300D91F34 /* TabBarCoordinator.swift */; };
		8D9FB3E424D2FCF9005B2DE8 /* TabBarVC.swift in Sources */ = {isa = PBXBuildFile; fileRef = 8D9FB3E324D2FCF9005B2DE8 /* TabBarVC.swift */; };
		8D9FB3E924D30557005B2DE8 /* StringExtensions.swift in Sources */ = {isa = PBXBuildFile; fileRef = 8D9FB3E824D30557005B2DE8 /* StringExtensions.swift */; };
		8DA33EAC24D33B4E007F4CCA /* SearchScreenVC.swift in Sources */ = {isa = PBXBuildFile; fileRef = 8DA33EAB24D33B4E007F4CCA /* SearchScreenVC.swift */; };
		8DA33EAE24D33B89007F4CCA /* ScreenScreenViewImpl.swift in Sources */ = {isa = PBXBuildFile; fileRef = 8DA33EAD24D33B89007F4CCA /* ScreenScreenViewImpl.swift */; };
		8DA5C7BC24D9639000C8D2B0 /* MessageScreenVC.swift in Sources */ = {isa = PBXBuildFile; fileRef = 8DA5C7BB24D9639000C8D2B0 /* MessageScreenVC.swift */; };
		8DA5C7BE24D963DE00C8D2B0 /* ProfileScreenVC.swift in Sources */ = {isa = PBXBuildFile; fileRef = 8DA5C7BD24D963DE00C8D2B0 /* ProfileScreenVC.swift */; };
		8DA5C7C224D964E800C8D2B0 /* SettingServiceImp.swift in Sources */ = {isa = PBXBuildFile; fileRef = 8DA5C7C124D964E800C8D2B0 /* SettingServiceImp.swift */; };
		8DA5C7C524D965E000C8D2B0 /* Platform.swift in Sources */ = {isa = PBXBuildFile; fileRef = 8DA5C7C424D965E000C8D2B0 /* Platform.swift */; };
		8DA5C7C724D966D600C8D2B0 /* Patition.swift in Sources */ = {isa = PBXBuildFile; fileRef = 8DA5C7C624D966D600C8D2B0 /* Patition.swift */; };
		8DA5C7CA24D9677500C8D2B0 /* GamesScreenVC.swift in Sources */ = {isa = PBXBuildFile; fileRef = 8DA5C7C924D9677500C8D2B0 /* GamesScreenVC.swift */; };
		8DA5C7CC24D9679400C8D2B0 /* GamesScreenViewImpl.swift in Sources */ = {isa = PBXBuildFile; fileRef = 8DA5C7CB24D9679400C8D2B0 /* GamesScreenViewImpl.swift */; };
		E1B90E0124CDFF4B0009D3A0 /* AppDelegate.swift in Sources */ = {isa = PBXBuildFile; fileRef = E1B90E0024CDFF4B0009D3A0 /* AppDelegate.swift */; };
		E1B90E0A24CDFF4C0009D3A0 /* Assets.xcassets in Resources */ = {isa = PBXBuildFile; fileRef = E1B90E0924CDFF4C0009D3A0 /* Assets.xcassets */; };
		E1B90E0D24CDFF4C0009D3A0 /* LaunchScreen.storyboard in Resources */ = {isa = PBXBuildFile; fileRef = E1B90E0B24CDFF4C0009D3A0 /* LaunchScreen.storyboard */; };
		E1B90E1824CDFF4C0009D3A0 /* epsGamesTests.swift in Sources */ = {isa = PBXBuildFile; fileRef = E1B90E1724CDFF4C0009D3A0 /* epsGamesTests.swift */; };
		E1B90E2324CDFF4C0009D3A0 /* epsGamesUITests.swift in Sources */ = {isa = PBXBuildFile; fileRef = E1B90E2224CDFF4C0009D3A0 /* epsGamesUITests.swift */; };
/* End PBXBuildFile section */

/* Begin PBXContainerItemProxy section */
		E1B90E1424CDFF4C0009D3A0 /* PBXContainerItemProxy */ = {
			isa = PBXContainerItemProxy;
			containerPortal = E1B90DF524CDFF4A0009D3A0 /* Project object */;
			proxyType = 1;
			remoteGlobalIDString = E1B90DFC24CDFF4B0009D3A0;
			remoteInfo = epsGames;
		};
		E1B90E1F24CDFF4C0009D3A0 /* PBXContainerItemProxy */ = {
			isa = PBXContainerItemProxy;
			containerPortal = E1B90DF524CDFF4A0009D3A0 /* Project object */;
			proxyType = 1;
			remoteGlobalIDString = E1B90DFC24CDFF4B0009D3A0;
			remoteInfo = epsGames;
		};
/* End PBXContainerItemProxy section */

/* Begin PBXFileReference section */
		8D07ABC624DABA7F00DD413D /* MainPage.swift */ = {isa = PBXFileReference; lastKnownFileType = sourcecode.swift; path = MainPage.swift; sourceTree = "<group>"; };
		8D165A6A24D979AA00D06C77 /* SettingProvider.swift */ = {isa = PBXFileReference; lastKnownFileType = sourcecode.swift; path = SettingProvider.swift; sourceTree = "<group>"; };
		8D165A6D24D99D1600D06C77 /* MainPageProvider.swift */ = {isa = PBXFileReference; lastKnownFileType = sourcecode.swift; path = MainPageProvider.swift; sourceTree = "<group>"; };
		8D165A6F24D9A44000D06C77 /* MessageScreenViewImpl.swift */ = {isa = PBXFileReference; lastKnownFileType = sourcecode.swift; path = MessageScreenViewImpl.swift; sourceTree = "<group>"; };
		8D165A7124D9A73300D06C77 /* ProfileScreenViewImpl.swift */ = {isa = PBXFileReference; lastKnownFileType = sourcecode.swift; path = ProfileScreenViewImpl.swift; sourceTree = "<group>"; };
		8D6A00FE24D1A6FD00D91F34 /* Di.swift */ = {isa = PBXFileReference; fileEncoding = 4; lastKnownFileType = sourcecode.swift; path = Di.swift; sourceTree = "<group>"; };
		8D6A010224D1A76900D91F34 /* Router.swift */ = {isa = PBXFileReference; fileEncoding = 4; lastKnownFileType = sourcecode.swift; path = Router.swift; sourceTree = "<group>"; };
		8D6A010324D1A76900D91F34 /* Coordinator.swift */ = {isa = PBXFileReference; fileEncoding = 4; lastKnownFileType = sourcecode.swift; path = Coordinator.swift; sourceTree = "<group>"; };
		8D6A010724D1A77B00D91F34 /* Optional+Apply.swift */ = {isa = PBXFileReference; fileEncoding = 4; lastKnownFileType = sourcecode.swift; path = "Optional+Apply.swift"; sourceTree = "<group>"; };
		8D6A010824D1A77B00D91F34 /* Optional+Execute.swift */ = {isa = PBXFileReference; fileEncoding = 4; lastKnownFileType = sourcecode.swift; path = "Optional+Execute.swift"; sourceTree = "<group>"; };
		8D6A010924D1A77B00D91F34 /* Functions.swift */ = {isa = PBXFileReference; fileEncoding = 4; lastKnownFileType = sourcecode.swift; path = Functions.swift; sourceTree = "<group>"; };
		8D6A010B24D1A77B00D91F34 /* KeychainWrapper.swift */ = {isa = PBXFileReference; fileEncoding = 4; lastKnownFileType = sourcecode.swift; path = KeychainWrapper.swift; sourceTree = "<group>"; };
		8D6A010C24D1A77B00D91F34 /* KeychainItemAccessibility.swift */ = {isa = PBXFileReference; fileEncoding = 4; lastKnownFileType = sourcecode.swift; path = KeychainItemAccessibility.swift; sourceTree = "<group>"; };
		8D6A010D24D1A77B00D91F34 /* Types.swift */ = {isa = PBXFileReference; fileEncoding = 4; lastKnownFileType = sourcecode.swift; path = Types.swift; sourceTree = "<group>"; };
		8D6A011624D1A78700D91F34 /* UIAlertControllerCommonInputData.swift */ = {isa = PBXFileReference; fileEncoding = 4; lastKnownFileType = sourcecode.swift; path = UIAlertControllerCommonInputData.swift; sourceTree = "<group>"; };
		8D6A011724D1A78700D91F34 /* UIAlertController+InitFromCommonInputData.swift */ = {isa = PBXFileReference; fileEncoding = 4; lastKnownFileType = sourcecode.swift; path = "UIAlertController+InitFromCommonInputData.swift"; sourceTree = "<group>"; };
		8D6A011924D1A78700D91F34 /* UIView+addSubviewWithSameSize.swift */ = {isa = PBXFileReference; fileEncoding = 4; lastKnownFileType = sourcecode.swift; path = "UIView+addSubviewWithSameSize.swift"; sourceTree = "<group>"; };
		8D6A011A24D1A78700D91F34 /* UIView+hide.swift */ = {isa = PBXFileReference; fileEncoding = 4; lastKnownFileType = sourcecode.swift; path = "UIView+hide.swift"; sourceTree = "<group>"; };
		8D6A011B24D1A78700D91F34 /* loadFromNib.swift */ = {isa = PBXFileReference; fileEncoding = 4; lastKnownFileType = sourcecode.swift; path = loadFromNib.swift; sourceTree = "<group>"; };
		8D6A011D24D1A78700D91F34 /* BaseViewController.swift */ = {isa = PBXFileReference; fileEncoding = 4; lastKnownFileType = sourcecode.swift; path = BaseViewController.swift; sourceTree = "<group>"; };
		8D6A011E24D1A78700D91F34 /* ContainerViewController.swift */ = {isa = PBXFileReference; fileEncoding = 4; lastKnownFileType = sourcecode.swift; path = ContainerViewController.swift; sourceTree = "<group>"; };
		8D6A012024D1A78700D91F34 /* UITableView + dequeue.swift */ = {isa = PBXFileReference; fileEncoding = 4; lastKnownFileType = sourcecode.swift; path = "UITableView + dequeue.swift"; sourceTree = "<group>"; };
		8D6A012224D1A78700D91F34 /* PreviewContainer.swift */ = {isa = PBXFileReference; fileEncoding = 4; lastKnownFileType = sourcecode.swift; path = PreviewContainer.swift; sourceTree = "<group>"; };
		8D6A012F24D1A7C200D91F34 /* ApplicationCoordinator.swift */ = {isa = PBXFileReference; fileEncoding = 4; lastKnownFileType = sourcecode.swift; path = ApplicationCoordinator.swift; sourceTree = "<group>"; };
		8D6A013124D1A7C200D91F34 /* StartCoordinator.swift */ = {isa = PBXFileReference; fileEncoding = 4; lastKnownFileType = sourcecode.swift; path = StartCoordinator.swift; sourceTree = "<group>"; };
		8D6A013924D1A7E600D91F34 /* SplashScreenVC.swift */ = {isa = PBXFileReference; fileEncoding = 4; lastKnownFileType = sourcecode.swift; path = SplashScreenVC.swift; sourceTree = "<group>"; };
		8D6A013C24D1A7E600D91F34 /* SplashScreenViewImpl.xib */ = {isa = PBXFileReference; fileEncoding = 4; lastKnownFileType = file.xib; path = SplashScreenViewImpl.xib; sourceTree = "<group>"; };
		8D6A013D24D1A7E600D91F34 /* SplashScreenViewImpl.swift */ = {isa = PBXFileReference; fileEncoding = 4; lastKnownFileType = sourcecode.swift; path = SplashScreenViewImpl.swift; sourceTree = "<group>"; };
		8D6A014424D1B16D00D91F34 /* MainScreenVC.swift */ = {isa = PBXFileReference; lastKnownFileType = sourcecode.swift; path = MainScreenVC.swift; sourceTree = "<group>"; };
		8D6A014924D1B4DB00D91F34 /* MainScreenViewImpl.swift */ = {isa = PBXFileReference; lastKnownFileType = sourcecode.swift; path = MainScreenViewImpl.swift; sourceTree = "<group>"; };
		8D6A014B24D1B71300D91F34 /* TabBarCoordinator.swift */ = {isa = PBXFileReference; lastKnownFileType = sourcecode.swift; path = TabBarCoordinator.swift; sourceTree = "<group>"; };
		8D9FB3E324D2FCF9005B2DE8 /* TabBarVC.swift */ = {isa = PBXFileReference; lastKnownFileType = sourcecode.swift; path = TabBarVC.swift; sourceTree = "<group>"; };
		8D9FB3E824D30557005B2DE8 /* StringExtensions.swift */ = {isa = PBXFileReference; fileEncoding = 4; lastKnownFileType = sourcecode.swift; path = StringExtensions.swift; sourceTree = "<group>"; };
		8DA33EAB24D33B4E007F4CCA /* SearchScreenVC.swift */ = {isa = PBXFileReference; lastKnownFileType = sourcecode.swift; path = SearchScreenVC.swift; sourceTree = "<group>"; };
		8DA33EAD24D33B89007F4CCA /* ScreenScreenViewImpl.swift */ = {isa = PBXFileReference; lastKnownFileType = sourcecode.swift; path = ScreenScreenViewImpl.swift; sourceTree = "<group>"; };
		8DA5C7BB24D9639000C8D2B0 /* MessageScreenVC.swift */ = {isa = PBXFileReference; lastKnownFileType = sourcecode.swift; path = MessageScreenVC.swift; sourceTree = "<group>"; };
		8DA5C7BD24D963DE00C8D2B0 /* ProfileScreenVC.swift */ = {isa = PBXFileReference; lastKnownFileType = sourcecode.swift; path = ProfileScreenVC.swift; sourceTree = "<group>"; };
		8DA5C7C124D964E800C8D2B0 /* SettingServiceImp.swift */ = {isa = PBXFileReference; lastKnownFileType = sourcecode.swift; path = SettingServiceImp.swift; sourceTree = "<group>"; };
		8DA5C7C424D965E000C8D2B0 /* Platform.swift */ = {isa = PBXFileReference; lastKnownFileType = sourcecode.swift; path = Platform.swift; sourceTree = "<group>"; };
		8DA5C7C624D966D600C8D2B0 /* Patition.swift */ = {isa = PBXFileReference; lastKnownFileType = sourcecode.swift; path = Patition.swift; sourceTree = "<group>"; };
		8DA5C7C924D9677500C8D2B0 /* GamesScreenVC.swift */ = {isa = PBXFileReference; lastKnownFileType = sourcecode.swift; path = GamesScreenVC.swift; sourceTree = "<group>"; };
		8DA5C7CB24D9679400C8D2B0 /* GamesScreenViewImpl.swift */ = {isa = PBXFileReference; lastKnownFileType = sourcecode.swift; path = GamesScreenViewImpl.swift; sourceTree = "<group>"; };
		E1B90DFD24CDFF4B0009D3A0 /* epsGames.app */ = {isa = PBXFileReference; explicitFileType = wrapper.application; includeInIndex = 0; path = epsGames.app; sourceTree = BUILT_PRODUCTS_DIR; };
		E1B90E0024CDFF4B0009D3A0 /* AppDelegate.swift */ = {isa = PBXFileReference; lastKnownFileType = sourcecode.swift; path = AppDelegate.swift; sourceTree = "<group>"; };
		E1B90E0924CDFF4C0009D3A0 /* Assets.xcassets */ = {isa = PBXFileReference; lastKnownFileType = folder.assetcatalog; path = Assets.xcassets; sourceTree = "<group>"; };
		E1B90E0C24CDFF4C0009D3A0 /* Base */ = {isa = PBXFileReference; lastKnownFileType = file.storyboard; name = Base; path = Base.lproj/LaunchScreen.storyboard; sourceTree = "<group>"; };
		E1B90E0E24CDFF4C0009D3A0 /* Info.plist */ = {isa = PBXFileReference; lastKnownFileType = text.plist.xml; path = Info.plist; sourceTree = "<group>"; };
		E1B90E1324CDFF4C0009D3A0 /* epsGamesTests.xctest */ = {isa = PBXFileReference; explicitFileType = wrapper.cfbundle; includeInIndex = 0; path = epsGamesTests.xctest; sourceTree = BUILT_PRODUCTS_DIR; };
		E1B90E1724CDFF4C0009D3A0 /* epsGamesTests.swift */ = {isa = PBXFileReference; lastKnownFileType = sourcecode.swift; path = epsGamesTests.swift; sourceTree = "<group>"; };
		E1B90E1924CDFF4C0009D3A0 /* Info.plist */ = {isa = PBXFileReference; lastKnownFileType = text.plist.xml; path = Info.plist; sourceTree = "<group>"; };
		E1B90E1E24CDFF4C0009D3A0 /* epsGamesUITests.xctest */ = {isa = PBXFileReference; explicitFileType = wrapper.cfbundle; includeInIndex = 0; path = epsGamesUITests.xctest; sourceTree = BUILT_PRODUCTS_DIR; };
		E1B90E2224CDFF4C0009D3A0 /* epsGamesUITests.swift */ = {isa = PBXFileReference; lastKnownFileType = sourcecode.swift; path = epsGamesUITests.swift; sourceTree = "<group>"; };
		E1B90E2424CDFF4C0009D3A0 /* Info.plist */ = {isa = PBXFileReference; lastKnownFileType = text.plist.xml; path = Info.plist; sourceTree = "<group>"; };
/* End PBXFileReference section */

/* Begin PBXFrameworksBuildPhase section */
		E1B90DFA24CDFF4B0009D3A0 /* Frameworks */ = {
			isa = PBXFrameworksBuildPhase;
			buildActionMask = 2147483647;
			files = (
			);
			runOnlyForDeploymentPostprocessing = 0;
		};
		E1B90E1024CDFF4C0009D3A0 /* Frameworks */ = {
			isa = PBXFrameworksBuildPhase;
			buildActionMask = 2147483647;
			files = (
			);
			runOnlyForDeploymentPostprocessing = 0;
		};
		E1B90E1B24CDFF4C0009D3A0 /* Frameworks */ = {
			isa = PBXFrameworksBuildPhase;
			buildActionMask = 2147483647;
			files = (
			);
			runOnlyForDeploymentPostprocessing = 0;
		};
/* End PBXFrameworksBuildPhase section */

/* Begin PBXGroup section */
		8D165A6924D9799300D06C77 /* Provider */ = {
			isa = PBXGroup;
			children = (
				8D165A6A24D979AA00D06C77 /* SettingProvider.swift */,
				8D165A6D24D99D1600D06C77 /* MainPageProvider.swift */,
			);
			path = Provider;
			sourceTree = "<group>";
		};
		8D626C7424D1A3C800CE94D1 /* Application */ = {
			isa = PBXGroup;
			children = (
				8D6A00FD24D1A6D400D91F34 /* DI */,
				8D6A012C24D1A7AE00D91F34 /* UI */,
				8DA5C7BF24D9647F00C8D2B0 /* Model */,
				E1B90E0024CDFF4B0009D3A0 /* AppDelegate.swift */,
			);
			path = Application;
			sourceTree = "<group>";
		};
		8D6A00FD24D1A6D400D91F34 /* DI */ = {
			isa = PBXGroup;
			children = (
				8D6A00FE24D1A6FD00D91F34 /* Di.swift */,
			);
			path = DI;
			sourceTree = "<group>";
		};
		8D6A010024D1A74800D91F34 /* Library */ = {
			isa = PBXGroup;
			children = (
				8D9FB3E724D304D6005B2DE8 /* Foundation */,
				8D6A011424D1A78700D91F34 /* UIKIt */,
				8D6A010124D1A76900D91F34 /* Coordinator */,
			);
			path = Library;
			sourceTree = "<group>";
		};
		8D6A010124D1A76900D91F34 /* Coordinator */ = {
			isa = PBXGroup;
			children = (
				8D6A010624D1A77B00D91F34 /* Foundation */,
				8D6A010224D1A76900D91F34 /* Router.swift */,
				8D6A010324D1A76900D91F34 /* Coordinator.swift */,
			);
			path = Coordinator;
			sourceTree = "<group>";
		};
		8D6A010624D1A77B00D91F34 /* Foundation */ = {
			isa = PBXGroup;
			children = (
				8D6A010724D1A77B00D91F34 /* Optional+Apply.swift */,
				8D6A010824D1A77B00D91F34 /* Optional+Execute.swift */,
				8D6A010924D1A77B00D91F34 /* Functions.swift */,
				8D6A010A24D1A77B00D91F34 /* Keychain */,
				8D6A010D24D1A77B00D91F34 /* Types.swift */,
			);
			path = Foundation;
			sourceTree = "<group>";
		};
		8D6A010A24D1A77B00D91F34 /* Keychain */ = {
			isa = PBXGroup;
			children = (
				8D6A010B24D1A77B00D91F34 /* KeychainWrapper.swift */,
				8D6A010C24D1A77B00D91F34 /* KeychainItemAccessibility.swift */,
			);
			path = Keychain;
			sourceTree = "<group>";
		};
		8D6A011424D1A78700D91F34 /* UIKIt */ = {
			isa = PBXGroup;
			children = (
				8D6A011524D1A78700D91F34 /* UIAlertController */,
				8D6A011824D1A78700D91F34 /* UIVIew */,
				8D6A011C24D1A78700D91F34 /* UIViewController */,
				8D6A011F24D1A78700D91F34 /* UITableView */,
				8D6A012124D1A78700D91F34 /* SwiftUI */,
			);
			path = UIKIt;
			sourceTree = "<group>";
		};
		8D6A011524D1A78700D91F34 /* UIAlertController */ = {
			isa = PBXGroup;
			children = (
				8D6A011624D1A78700D91F34 /* UIAlertControllerCommonInputData.swift */,
				8D6A011724D1A78700D91F34 /* UIAlertController+InitFromCommonInputData.swift */,
			);
			path = UIAlertController;
			sourceTree = "<group>";
		};
		8D6A011824D1A78700D91F34 /* UIVIew */ = {
			isa = PBXGroup;
			children = (
				8D6A011924D1A78700D91F34 /* UIView+addSubviewWithSameSize.swift */,
				8D6A011A24D1A78700D91F34 /* UIView+hide.swift */,
				8D6A011B24D1A78700D91F34 /* loadFromNib.swift */,
			);
			path = UIVIew;
			sourceTree = "<group>";
		};
		8D6A011C24D1A78700D91F34 /* UIViewController */ = {
			isa = PBXGroup;
			children = (
				8D6A011D24D1A78700D91F34 /* BaseViewController.swift */,
				8D6A011E24D1A78700D91F34 /* ContainerViewController.swift */,
			);
			path = UIViewController;
			sourceTree = "<group>";
		};
		8D6A011F24D1A78700D91F34 /* UITableView */ = {
			isa = PBXGroup;
			children = (
				8D6A012024D1A78700D91F34 /* UITableView + dequeue.swift */,
			);
			path = UITableView;
			sourceTree = "<group>";
		};
		8D6A012124D1A78700D91F34 /* SwiftUI */ = {
			isa = PBXGroup;
			children = (
				8D6A012224D1A78700D91F34 /* PreviewContainer.swift */,
			);
			path = SwiftUI;
			sourceTree = "<group>";
		};
		8D6A012C24D1A7AE00D91F34 /* UI */ = {
			isa = PBXGroup;
			children = (
				8D6A013624D1A7D300D91F34 /* Screens */,
				8D6A012D24D1A7C200D91F34 /* Coordinators */,
			);
			path = UI;
			sourceTree = "<group>";
		};
		8D6A012D24D1A7C200D91F34 /* Coordinators */ = {
			isa = PBXGroup;
			children = (
				8D6A012F24D1A7C200D91F34 /* ApplicationCoordinator.swift */,
				8D6A013124D1A7C200D91F34 /* StartCoordinator.swift */,
				8D6A014B24D1B71300D91F34 /* TabBarCoordinator.swift */,
			);
			path = Coordinators;
			sourceTree = "<group>";
		};
		8D6A013624D1A7D300D91F34 /* Screens */ = {
			isa = PBXGroup;
			children = (
				8DA5C7C824D9676400C8D2B0 /* Games */,
				8DA5C7BA24D9637100C8D2B0 /* Message */,
				8DA5C7B924D9636400C8D2B0 /* Profile */,
				8D9FB3ED24D30AAB005B2DE8 /* Search */,
				8D6A014324D1B13400D91F34 /* Main */,
				8D6A014224D1B10E00D91F34 /* TabBar */,
				8D6A013724D1A7E600D91F34 /* Splash */,
			);
			path = Screens;
			sourceTree = "<group>";
		};
		8D6A013724D1A7E600D91F34 /* Splash */ = {
			isa = PBXGroup;
			children = (
				8D6A013C24D1A7E600D91F34 /* SplashScreenViewImpl.xib */,
				8D6A013924D1A7E600D91F34 /* SplashScreenVC.swift */,
				8D6A013D24D1A7E600D91F34 /* SplashScreenViewImpl.swift */,
			);
			path = Splash;
			sourceTree = "<group>";
		};
		8D6A014224D1B10E00D91F34 /* TabBar */ = {
			isa = PBXGroup;
			children = (
				8D9FB3E324D2FCF9005B2DE8 /* TabBarVC.swift */,
			);
			path = TabBar;
			sourceTree = "<group>";
		};
		8D6A014324D1B13400D91F34 /* Main */ = {
			isa = PBXGroup;
			children = (
				8D6A014924D1B4DB00D91F34 /* MainScreenViewImpl.swift */,
				8D6A014424D1B16D00D91F34 /* MainScreenVC.swift */,
			);
			path = Main;
			sourceTree = "<group>";
		};
		8D9FB3E724D304D6005B2DE8 /* Foundation */ = {
			isa = PBXGroup;
			children = (
				8D9FB3E824D30557005B2DE8 /* StringExtensions.swift */,
			);
			path = Foundation;
			sourceTree = "<group>";
		};
		8D9FB3EA24D30566005B2DE8 /* Localization */ = {
			isa = PBXGroup;
			children = (
			);
			path = Localization;
			sourceTree = "<group>";
		};
		8D9FB3ED24D30AAB005B2DE8 /* Search */ = {
			isa = PBXGroup;
			children = (
				8DA33EAB24D33B4E007F4CCA /* SearchScreenVC.swift */,
				8DA33EAD24D33B89007F4CCA /* ScreenScreenViewImpl.swift */,
			);
			path = Search;
			sourceTree = "<group>";
		};
		8DA5C7B724D962A000C8D2B0 /* Configuration */ = {
			isa = PBXGroup;
			children = (
			);
			path = Configuration;
			sourceTree = "<group>";
		};
		8DA5C7B824D962BD00C8D2B0 /* Resources */ = {
			isa = PBXGroup;
			children = (
				E1B90E0924CDFF4C0009D3A0 /* Assets.xcassets */,
			);
			path = Resources;
			sourceTree = "<group>";
		};
		8DA5C7B924D9636400C8D2B0 /* Profile */ = {
			isa = PBXGroup;
			children = (
				8DA5C7BD24D963DE00C8D2B0 /* ProfileScreenVC.swift */,
				8D165A7124D9A73300D06C77 /* ProfileScreenViewImpl.swift */,
			);
			path = Profile;
			sourceTree = "<group>";
		};
		8DA5C7BA24D9637100C8D2B0 /* Message */ = {
			isa = PBXGroup;
			children = (
				8DA5C7BB24D9639000C8D2B0 /* MessageScreenVC.swift */,
				8D165A6F24D9A44000D06C77 /* MessageScreenViewImpl.swift */,
			);
			path = Message;
			sourceTree = "<group>";
		};
		8DA5C7BF24D9647F00C8D2B0 /* Model */ = {
			isa = PBXGroup;
			children = (
				8D165A6924D9799300D06C77 /* Provider */,
				8DA5C7C324D965C800C8D2B0 /* Entity */,
				8DA5C7C024D9648600C8D2B0 /* Service */,
			);
			path = Model;
			sourceTree = "<group>";
		};
		8DA5C7C024D9648600C8D2B0 /* Service */ = {
			isa = PBXGroup;
			children = (
				8DA5C7C124D964E800C8D2B0 /* SettingServiceImp.swift */,
			);
			path = Service;
			sourceTree = "<group>";
		};
		8DA5C7C324D965C800C8D2B0 /* Entity */ = {
			isa = PBXGroup;
			children = (
				8DA5C7C424D965E000C8D2B0 /* Platform.swift */,
				8DA5C7C624D966D600C8D2B0 /* Patition.swift */,
				8D07ABC624DABA7F00DD413D /* MainPage.swift */,
			);
			path = Entity;
			sourceTree = "<group>";
		};
		8DA5C7C824D9676400C8D2B0 /* Games */ = {
			isa = PBXGroup;
			children = (
				8DA5C7C924D9677500C8D2B0 /* GamesScreenVC.swift */,
				8DA5C7CB24D9679400C8D2B0 /* GamesScreenViewImpl.swift */,
			);
			path = Games;
			sourceTree = "<group>";
		};
		E1B90DF424CDFF4A0009D3A0 = {
			isa = PBXGroup;
			children = (
				E1B90DFF24CDFF4B0009D3A0 /* epsGames */,
				E1B90E1624CDFF4C0009D3A0 /* epsGamesTests */,
				E1B90E2124CDFF4C0009D3A0 /* epsGamesUITests */,
				E1B90DFE24CDFF4B0009D3A0 /* Products */,
			);
			sourceTree = "<group>";
		};
		E1B90DFE24CDFF4B0009D3A0 /* Products */ = {
			isa = PBXGroup;
			children = (
				E1B90DFD24CDFF4B0009D3A0 /* epsGames.app */,
				E1B90E1324CDFF4C0009D3A0 /* epsGamesTests.xctest */,
				E1B90E1E24CDFF4C0009D3A0 /* epsGamesUITests.xctest */,
			);
			name = Products;
			sourceTree = "<group>";
		};
		E1B90DFF24CDFF4B0009D3A0 /* epsGames */ = {
			isa = PBXGroup;
			children = (
				8D9FB3EA24D30566005B2DE8 /* Localization */,
				8DA5C7B824D962BD00C8D2B0 /* Resources */,
				8D6A010024D1A74800D91F34 /* Library */,
				8DA5C7B724D962A000C8D2B0 /* Configuration */,
				8D626C7424D1A3C800CE94D1 /* Application */,
				E1B90E0B24CDFF4C0009D3A0 /* LaunchScreen.storyboard */,
				E1B90E0E24CDFF4C0009D3A0 /* Info.plist */,
			);
			path = epsGames;
			sourceTree = "<group>";
		};
		E1B90E1624CDFF4C0009D3A0 /* epsGamesTests */ = {
			isa = PBXGroup;
			children = (
				E1B90E1724CDFF4C0009D3A0 /* epsGamesTests.swift */,
				E1B90E1924CDFF4C0009D3A0 /* Info.plist */,
			);
			path = epsGamesTests;
			sourceTree = "<group>";
		};
		E1B90E2124CDFF4C0009D3A0 /* epsGamesUITests */ = {
			isa = PBXGroup;
			children = (
				E1B90E2224CDFF4C0009D3A0 /* epsGamesUITests.swift */,
				E1B90E2424CDFF4C0009D3A0 /* Info.plist */,
			);
			path = epsGamesUITests;
			sourceTree = "<group>";
		};
/* End PBXGroup section */

/* Begin PBXNativeTarget section */
		E1B90DFC24CDFF4B0009D3A0 /* epsGames */ = {
			isa = PBXNativeTarget;
			buildConfigurationList = E1B90E2724CDFF4C0009D3A0 /* Build configuration list for PBXNativeTarget "epsGames" */;
			buildPhases = (
				E1B90DF924CDFF4B0009D3A0 /* Sources */,
				E1B90DFA24CDFF4B0009D3A0 /* Frameworks */,
				E1B90DFB24CDFF4B0009D3A0 /* Resources */,
			);
			buildRules = (
			);
			dependencies = (
			);
			name = epsGames;
			productName = epsGames;
			productReference = E1B90DFD24CDFF4B0009D3A0 /* epsGames.app */;
			productType = "com.apple.product-type.application";
		};
		E1B90E1224CDFF4C0009D3A0 /* epsGamesTests */ = {
			isa = PBXNativeTarget;
			buildConfigurationList = E1B90E2A24CDFF4C0009D3A0 /* Build configuration list for PBXNativeTarget "epsGamesTests" */;
			buildPhases = (
				E1B90E0F24CDFF4C0009D3A0 /* Sources */,
				E1B90E1024CDFF4C0009D3A0 /* Frameworks */,
				E1B90E1124CDFF4C0009D3A0 /* Resources */,
			);
			buildRules = (
			);
			dependencies = (
				E1B90E1524CDFF4C0009D3A0 /* PBXTargetDependency */,
			);
			name = epsGamesTests;
			productName = epsGamesTests;
			productReference = E1B90E1324CDFF4C0009D3A0 /* epsGamesTests.xctest */;
			productType = "com.apple.product-type.bundle.unit-test";
		};
		E1B90E1D24CDFF4C0009D3A0 /* epsGamesUITests */ = {
			isa = PBXNativeTarget;
			buildConfigurationList = E1B90E2D24CDFF4C0009D3A0 /* Build configuration list for PBXNativeTarget "epsGamesUITests" */;
			buildPhases = (
				E1B90E1A24CDFF4C0009D3A0 /* Sources */,
				E1B90E1B24CDFF4C0009D3A0 /* Frameworks */,
				E1B90E1C24CDFF4C0009D3A0 /* Resources */,
			);
			buildRules = (
			);
			dependencies = (
				E1B90E2024CDFF4C0009D3A0 /* PBXTargetDependency */,
			);
			name = epsGamesUITests;
			productName = epsGamesUITests;
			productReference = E1B90E1E24CDFF4C0009D3A0 /* epsGamesUITests.xctest */;
			productType = "com.apple.product-type.bundle.ui-testing";
		};
/* End PBXNativeTarget section */

/* Begin PBXProject section */
		E1B90DF524CDFF4A0009D3A0 /* Project object */ = {
			isa = PBXProject;
			attributes = {
				LastSwiftUpdateCheck = 1150;
				LastUpgradeCheck = 1150;
				ORGANIZATIONNAME = "Sergey Mikhailov";
				TargetAttributes = {
					E1B90DFC24CDFF4B0009D3A0 = {
						CreatedOnToolsVersion = 11.5;
					};
					E1B90E1224CDFF4C0009D3A0 = {
						CreatedOnToolsVersion = 11.5;
						TestTargetID = E1B90DFC24CDFF4B0009D3A0;
					};
					E1B90E1D24CDFF4C0009D3A0 = {
						CreatedOnToolsVersion = 11.5;
						TestTargetID = E1B90DFC24CDFF4B0009D3A0;
					};
				};
			};
			buildConfigurationList = E1B90DF824CDFF4B0009D3A0 /* Build configuration list for PBXProject "epsGames" */;
			compatibilityVersion = "Xcode 9.3";
			developmentRegion = en;
			hasScannedForEncodings = 0;
			knownRegions = (
				en,
				Base,
			);
			mainGroup = E1B90DF424CDFF4A0009D3A0;
			productRefGroup = E1B90DFE24CDFF4B0009D3A0 /* Products */;
			projectDirPath = "";
			projectRoot = "";
			targets = (
				E1B90DFC24CDFF4B0009D3A0 /* epsGames */,
				E1B90E1224CDFF4C0009D3A0 /* epsGamesTests */,
				E1B90E1D24CDFF4C0009D3A0 /* epsGamesUITests */,
			);
		};
/* End PBXProject section */

/* Begin PBXResourcesBuildPhase section */
		E1B90DFB24CDFF4B0009D3A0 /* Resources */ = {
			isa = PBXResourcesBuildPhase;
			buildActionMask = 2147483647;
			files = (
				E1B90E0D24CDFF4C0009D3A0 /* LaunchScreen.storyboard in Resources */,
				E1B90E0A24CDFF4C0009D3A0 /* Assets.xcassets in Resources */,
				8D6A014024D1A7E600D91F34 /* SplashScreenViewImpl.xib in Resources */,
			);
			runOnlyForDeploymentPostprocessing = 0;
		};
		E1B90E1124CDFF4C0009D3A0 /* Resources */ = {
			isa = PBXResourcesBuildPhase;
			buildActionMask = 2147483647;
			files = (
			);
			runOnlyForDeploymentPostprocessing = 0;
		};
		E1B90E1C24CDFF4C0009D3A0 /* Resources */ = {
			isa = PBXResourcesBuildPhase;
			buildActionMask = 2147483647;
			files = (
			);
			runOnlyForDeploymentPostprocessing = 0;
		};
/* End PBXResourcesBuildPhase section */

/* Begin PBXSourcesBuildPhase section */
		E1B90DF924CDFF4B0009D3A0 /* Sources */ = {
			isa = PBXSourcesBuildPhase;
			buildActionMask = 2147483647;
			files = (
				8D165A7024D9A44000D06C77 /* MessageScreenViewImpl.swift in Sources */,
				8D6A011124D1A77B00D91F34 /* KeychainWrapper.swift in Sources */,
				8D6A010424D1A76900D91F34 /* Router.swift in Sources */,
				8D6A011224D1A77B00D91F34 /* KeychainItemAccessibility.swift in Sources */,
				8D6A013E24D1A7E600D91F34 /* SplashScreenVC.swift in Sources */,
				8D6A010E24D1A77B00D91F34 /* Optional+Apply.swift in Sources */,
				8D6A014A24D1B4DB00D91F34 /* MainScreenViewImpl.swift in Sources */,
				8DA5C7CC24D9679400C8D2B0 /* GamesScreenViewImpl.swift in Sources */,
				8DA33EAC24D33B4E007F4CCA /* SearchScreenVC.swift in Sources */,
				8D6A014C24D1B71300D91F34 /* TabBarCoordinator.swift in Sources */,
				8D6A012624D1A78700D91F34 /* UIView+hide.swift in Sources */,
				8D6A012524D1A78700D91F34 /* UIView+addSubviewWithSameSize.swift in Sources */,
				8D165A6E24D99D1600D06C77 /* MainPageProvider.swift in Sources */,
				8D6A012824D1A78700D91F34 /* BaseViewController.swift in Sources */,
				8D6A013524D1A7C200D91F34 /* StartCoordinator.swift in Sources */,
				8D6A011024D1A77B00D91F34 /* Functions.swift in Sources */,
				8D6A014524D1B16D00D91F34 /* MainScreenVC.swift in Sources */,
				8D165A6B24D979AA00D06C77 /* SettingProvider.swift in Sources */,
				8DA5C7BC24D9639000C8D2B0 /* MessageScreenVC.swift in Sources */,
				8D9FB3E924D30557005B2DE8 /* StringExtensions.swift in Sources */,
				8DA5C7C524D965E000C8D2B0 /* Platform.swift in Sources */,
				8DA5C7C724D966D600C8D2B0 /* Patition.swift in Sources */,
				8D6A010524D1A76900D91F34 /* Coordinator.swift in Sources */,
				8D6A012724D1A78700D91F34 /* loadFromNib.swift in Sources */,
				E1B90E0124CDFF4B0009D3A0 /* AppDelegate.swift in Sources */,
				8D6A014124D1A7E600D91F34 /* SplashScreenViewImpl.swift in Sources */,
				8D6A012424D1A78700D91F34 /* UIAlertController+InitFromCommonInputData.swift in Sources */,
				8D165A7224D9A73300D06C77 /* ProfileScreenViewImpl.swift in Sources */,
				8D6A010F24D1A77B00D91F34 /* Optional+Execute.swift in Sources */,
				8D6A012B24D1A78700D91F34 /* PreviewContainer.swift in Sources */,
				8D6A012A24D1A78700D91F34 /* UITableView + dequeue.swift in Sources */,
				8D6A011324D1A77B00D91F34 /* Types.swift in Sources */,
				8D9FB3E424D2FCF9005B2DE8 /* TabBarVC.swift in Sources */,
				8DA5C7BE24D963DE00C8D2B0 /* ProfileScreenVC.swift in Sources */,
				8DA5C7C224D964E800C8D2B0 /* SettingServiceImp.swift in Sources */,
				8D07ABC724DABA7F00DD413D /* MainPage.swift in Sources */,
				8D6A012324D1A78700D91F34 /* UIAlertControllerCommonInputData.swift in Sources */,
				8D6A012924D1A78700D91F34 /* ContainerViewController.swift in Sources */,
				8DA5C7CA24D9677500C8D2B0 /* GamesScreenVC.swift in Sources */,
				8D6A00FF24D1A6FD00D91F34 /* Di.swift in Sources */,
				8DA33EAE24D33B89007F4CCA /* ScreenScreenViewImpl.swift in Sources */,
				8D6A013324D1A7C200D91F34 /* ApplicationCoordinator.swift in Sources */,
			);
			runOnlyForDeploymentPostprocessing = 0;
		};
		E1B90E0F24CDFF4C0009D3A0 /* Sources */ = {
			isa = PBXSourcesBuildPhase;
			buildActionMask = 2147483647;
			files = (
				E1B90E1824CDFF4C0009D3A0 /* epsGamesTests.swift in Sources */,
			);
			runOnlyForDeploymentPostprocessing = 0;
		};
		E1B90E1A24CDFF4C0009D3A0 /* Sources */ = {
			isa = PBXSourcesBuildPhase;
			buildActionMask = 2147483647;
			files = (
				E1B90E2324CDFF4C0009D3A0 /* epsGamesUITests.swift in Sources */,
			);
			runOnlyForDeploymentPostprocessing = 0;
		};
/* End PBXSourcesBuildPhase section */

/* Begin PBXTargetDependency section */
		E1B90E1524CDFF4C0009D3A0 /* PBXTargetDependency */ = {
			isa = PBXTargetDependency;
			target = E1B90DFC24CDFF4B0009D3A0 /* epsGames */;
			targetProxy = E1B90E1424CDFF4C0009D3A0 /* PBXContainerItemProxy */;
		};
		E1B90E2024CDFF4C0009D3A0 /* PBXTargetDependency */ = {
			isa = PBXTargetDependency;
			target = E1B90DFC24CDFF4B0009D3A0 /* epsGames */;
			targetProxy = E1B90E1F24CDFF4C0009D3A0 /* PBXContainerItemProxy */;
		};
/* End PBXTargetDependency section */

/* Begin PBXVariantGroup section */
		E1B90E0B24CDFF4C0009D3A0 /* LaunchScreen.storyboard */ = {
			isa = PBXVariantGroup;
			children = (
				E1B90E0C24CDFF4C0009D3A0 /* Base */,
			);
			name = LaunchScreen.storyboard;
			sourceTree = "<group>";
		};
/* End PBXVariantGroup section */

/* Begin XCBuildConfiguration section */
		E1B90E2524CDFF4C0009D3A0 /* Debug */ = {
			isa = XCBuildConfiguration;
			buildSettings = {
				ALWAYS_SEARCH_USER_PATHS = NO;
				CLANG_ANALYZER_NONNULL = YES;
				CLANG_ANALYZER_NUMBER_OBJECT_CONVERSION = YES_AGGRESSIVE;
				CLANG_CXX_LANGUAGE_STANDARD = "gnu++14";
				CLANG_CXX_LIBRARY = "libc++";
				CLANG_ENABLE_MODULES = YES;
				CLANG_ENABLE_OBJC_ARC = YES;
				CLANG_ENABLE_OBJC_WEAK = YES;
				CLANG_WARN_BLOCK_CAPTURE_AUTORELEASING = YES;
				CLANG_WARN_BOOL_CONVERSION = YES;
				CLANG_WARN_COMMA = YES;
				CLANG_WARN_CONSTANT_CONVERSION = YES;
				CLANG_WARN_DEPRECATED_OBJC_IMPLEMENTATIONS = YES;
				CLANG_WARN_DIRECT_OBJC_ISA_USAGE = YES_ERROR;
				CLANG_WARN_DOCUMENTATION_COMMENTS = YES;
				CLANG_WARN_EMPTY_BODY = YES;
				CLANG_WARN_ENUM_CONVERSION = YES;
				CLANG_WARN_INFINITE_RECURSION = YES;
				CLANG_WARN_INT_CONVERSION = YES;
				CLANG_WARN_NON_LITERAL_NULL_CONVERSION = YES;
				CLANG_WARN_OBJC_IMPLICIT_RETAIN_SELF = YES;
				CLANG_WARN_OBJC_LITERAL_CONVERSION = YES;
				CLANG_WARN_OBJC_ROOT_CLASS = YES_ERROR;
				CLANG_WARN_RANGE_LOOP_ANALYSIS = YES;
				CLANG_WARN_STRICT_PROTOTYPES = YES;
				CLANG_WARN_SUSPICIOUS_MOVE = YES;
				CLANG_WARN_UNGUARDED_AVAILABILITY = YES_AGGRESSIVE;
				CLANG_WARN_UNREACHABLE_CODE = YES;
				CLANG_WARN__DUPLICATE_METHOD_MATCH = YES;
				COPY_PHASE_STRIP = NO;
				DEBUG_INFORMATION_FORMAT = dwarf;
				ENABLE_STRICT_OBJC_MSGSEND = YES;
				ENABLE_TESTABILITY = YES;
				GCC_C_LANGUAGE_STANDARD = gnu11;
				GCC_DYNAMIC_NO_PIC = NO;
				GCC_NO_COMMON_BLOCKS = YES;
				GCC_OPTIMIZATION_LEVEL = 0;
				GCC_PREPROCESSOR_DEFINITIONS = (
					"DEBUG=1",
					"$(inherited)",
				);
				GCC_WARN_64_TO_32_BIT_CONVERSION = YES;
				GCC_WARN_ABOUT_RETURN_TYPE = YES_ERROR;
				GCC_WARN_UNDECLARED_SELECTOR = YES;
				GCC_WARN_UNINITIALIZED_AUTOS = YES_AGGRESSIVE;
				GCC_WARN_UNUSED_FUNCTION = YES;
				GCC_WARN_UNUSED_VARIABLE = YES;
				IPHONEOS_DEPLOYMENT_TARGET = 13.5;
				MTL_ENABLE_DEBUG_INFO = INCLUDE_SOURCE;
				MTL_FAST_MATH = YES;
				ONLY_ACTIVE_ARCH = YES;
				SDKROOT = iphoneos;
				SWIFT_ACTIVE_COMPILATION_CONDITIONS = DEBUG;
				SWIFT_OPTIMIZATION_LEVEL = "-Onone";
			};
			name = Debug;
		};
		E1B90E2624CDFF4C0009D3A0 /* Release */ = {
			isa = XCBuildConfiguration;
			buildSettings = {
				ALWAYS_SEARCH_USER_PATHS = NO;
				CLANG_ANALYZER_NONNULL = YES;
				CLANG_ANALYZER_NUMBER_OBJECT_CONVERSION = YES_AGGRESSIVE;
				CLANG_CXX_LANGUAGE_STANDARD = "gnu++14";
				CLANG_CXX_LIBRARY = "libc++";
				CLANG_ENABLE_MODULES = YES;
				CLANG_ENABLE_OBJC_ARC = YES;
				CLANG_ENABLE_OBJC_WEAK = YES;
				CLANG_WARN_BLOCK_CAPTURE_AUTORELEASING = YES;
				CLANG_WARN_BOOL_CONVERSION = YES;
				CLANG_WARN_COMMA = YES;
				CLANG_WARN_CONSTANT_CONVERSION = YES;
				CLANG_WARN_DEPRECATED_OBJC_IMPLEMENTATIONS = YES;
				CLANG_WARN_DIRECT_OBJC_ISA_USAGE = YES_ERROR;
				CLANG_WARN_DOCUMENTATION_COMMENTS = YES;
				CLANG_WARN_EMPTY_BODY = YES;
				CLANG_WARN_ENUM_CONVERSION = YES;
				CLANG_WARN_INFINITE_RECURSION = YES;
				CLANG_WARN_INT_CONVERSION = YES;
				CLANG_WARN_NON_LITERAL_NULL_CONVERSION = YES;
				CLANG_WARN_OBJC_IMPLICIT_RETAIN_SELF = YES;
				CLANG_WARN_OBJC_LITERAL_CONVERSION = YES;
				CLANG_WARN_OBJC_ROOT_CLASS = YES_ERROR;
				CLANG_WARN_RANGE_LOOP_ANALYSIS = YES;
				CLANG_WARN_STRICT_PROTOTYPES = YES;
				CLANG_WARN_SUSPICIOUS_MOVE = YES;
				CLANG_WARN_UNGUARDED_AVAILABILITY = YES_AGGRESSIVE;
				CLANG_WARN_UNREACHABLE_CODE = YES;
				CLANG_WARN__DUPLICATE_METHOD_MATCH = YES;
				COPY_PHASE_STRIP = NO;
				DEBUG_INFORMATION_FORMAT = "dwarf-with-dsym";
				ENABLE_NS_ASSERTIONS = NO;
				ENABLE_STRICT_OBJC_MSGSEND = YES;
				GCC_C_LANGUAGE_STANDARD = gnu11;
				GCC_NO_COMMON_BLOCKS = YES;
				GCC_WARN_64_TO_32_BIT_CONVERSION = YES;
				GCC_WARN_ABOUT_RETURN_TYPE = YES_ERROR;
				GCC_WARN_UNDECLARED_SELECTOR = YES;
				GCC_WARN_UNINITIALIZED_AUTOS = YES_AGGRESSIVE;
				GCC_WARN_UNUSED_FUNCTION = YES;
				GCC_WARN_UNUSED_VARIABLE = YES;
				IPHONEOS_DEPLOYMENT_TARGET = 13.5;
				MTL_ENABLE_DEBUG_INFO = NO;
				MTL_FAST_MATH = YES;
				SDKROOT = iphoneos;
				SWIFT_COMPILATION_MODE = wholemodule;
				SWIFT_OPTIMIZATION_LEVEL = "-O";
				VALIDATE_PRODUCT = YES;
			};
			name = Release;
		};
		E1B90E2824CDFF4C0009D3A0 /* Debug */ = {
			isa = XCBuildConfiguration;
			buildSettings = {
				ASSETCATALOG_COMPILER_APPICON_NAME = AppIcon;
				CODE_SIGN_STYLE = Automatic;
				DEVELOPMENT_TEAM = XBW4F9AQY3;
				INFOPLIST_FILE = epsGames/Info.plist;
				LD_RUNPATH_SEARCH_PATHS = (
					"$(inherited)",
					"@executable_path/Frameworks",
				);
				PRODUCT_BUNDLE_IDENTIFIER = "Our-Crafted-Apps.epsGames";
				PRODUCT_NAME = "$(TARGET_NAME)";
				SWIFT_VERSION = 5.0;
				TARGETED_DEVICE_FAMILY = "1,2";
			};
			name = Debug;
		};
		E1B90E2924CDFF4C0009D3A0 /* Release */ = {
			isa = XCBuildConfiguration;
			buildSettings = {
				ASSETCATALOG_COMPILER_APPICON_NAME = AppIcon;
				CODE_SIGN_STYLE = Automatic;
				DEVELOPMENT_TEAM = XBW4F9AQY3;
				INFOPLIST_FILE = epsGames/Info.plist;
				LD_RUNPATH_SEARCH_PATHS = (
					"$(inherited)",
					"@executable_path/Frameworks",
				);
				PRODUCT_BUNDLE_IDENTIFIER = "Our-Crafted-Apps.epsGames";
				PRODUCT_NAME = "$(TARGET_NAME)";
				SWIFT_VERSION = 5.0;
				TARGETED_DEVICE_FAMILY = "1,2";
			};
			name = Release;
		};
		E1B90E2B24CDFF4C0009D3A0 /* Debug */ = {
			isa = XCBuildConfiguration;
			buildSettings = {
				ALWAYS_EMBED_SWIFT_STANDARD_LIBRARIES = YES;
				BUNDLE_LOADER = "$(TEST_HOST)";
				CODE_SIGN_STYLE = Automatic;
				DEVELOPMENT_TEAM = XBW4F9AQY3;
				INFOPLIST_FILE = epsGamesTests/Info.plist;
				IPHONEOS_DEPLOYMENT_TARGET = 13.5;
				LD_RUNPATH_SEARCH_PATHS = (
					"$(inherited)",
					"@executable_path/Frameworks",
					"@loader_path/Frameworks",
				);
				PRODUCT_BUNDLE_IDENTIFIER = "Our-Crafted-Apps.epsGamesTests";
				PRODUCT_NAME = "$(TARGET_NAME)";
				SWIFT_VERSION = 5.0;
				TARGETED_DEVICE_FAMILY = "1,2";
				TEST_HOST = "$(BUILT_PRODUCTS_DIR)/epsGames.app/epsGames";
			};
			name = Debug;
		};
		E1B90E2C24CDFF4C0009D3A0 /* Release */ = {
			isa = XCBuildConfiguration;
			buildSettings = {
				ALWAYS_EMBED_SWIFT_STANDARD_LIBRARIES = YES;
				BUNDLE_LOADER = "$(TEST_HOST)";
				CODE_SIGN_STYLE = Automatic;
				DEVELOPMENT_TEAM = XBW4F9AQY3;
				INFOPLIST_FILE = epsGamesTests/Info.plist;
				IPHONEOS_DEPLOYMENT_TARGET = 13.5;
				LD_RUNPATH_SEARCH_PATHS = (
					"$(inherited)",
					"@executable_path/Frameworks",
					"@loader_path/Frameworks",
				);
				PRODUCT_BUNDLE_IDENTIFIER = "Our-Crafted-Apps.epsGamesTests";
				PRODUCT_NAME = "$(TARGET_NAME)";
				SWIFT_VERSION = 5.0;
				TARGETED_DEVICE_FAMILY = "1,2";
				TEST_HOST = "$(BUILT_PRODUCTS_DIR)/epsGames.app/epsGames";
			};
			name = Release;
		};
		E1B90E2E24CDFF4C0009D3A0 /* Debug */ = {
			isa = XCBuildConfiguration;
			buildSettings = {
				ALWAYS_EMBED_SWIFT_STANDARD_LIBRARIES = YES;
				CODE_SIGN_STYLE = Automatic;
				DEVELOPMENT_TEAM = XBW4F9AQY3;
				INFOPLIST_FILE = epsGamesUITests/Info.plist;
				LD_RUNPATH_SEARCH_PATHS = (
					"$(inherited)",
					"@executable_path/Frameworks",
					"@loader_path/Frameworks",
				);
				PRODUCT_BUNDLE_IDENTIFIER = "Our-Crafted-Apps.epsGamesUITests";
				PRODUCT_NAME = "$(TARGET_NAME)";
				SWIFT_VERSION = 5.0;
				TARGETED_DEVICE_FAMILY = "1,2";
				TEST_TARGET_NAME = epsGames;
			};
			name = Debug;
		};
		E1B90E2F24CDFF4C0009D3A0 /* Release */ = {
			isa = XCBuildConfiguration;
			buildSettings = {
				ALWAYS_EMBED_SWIFT_STANDARD_LIBRARIES = YES;
				CODE_SIGN_STYLE = Automatic;
				DEVELOPMENT_TEAM = XBW4F9AQY3;
				INFOPLIST_FILE = epsGamesUITests/Info.plist;
				LD_RUNPATH_SEARCH_PATHS = (
					"$(inherited)",
					"@executable_path/Frameworks",
					"@loader_path/Frameworks",
				);
				PRODUCT_BUNDLE_IDENTIFIER = "Our-Crafted-Apps.epsGamesUITests";
				PRODUCT_NAME = "$(TARGET_NAME)";
				SWIFT_VERSION = 5.0;
				TARGETED_DEVICE_FAMILY = "1,2";
				TEST_TARGET_NAME = epsGames;
			};
			name = Release;
		};
/* End XCBuildConfiguration section */

/* Begin XCConfigurationList section */
		E1B90DF824CDFF4B0009D3A0 /* Build configuration list for PBXProject "epsGames" */ = {
			isa = XCConfigurationList;
			buildConfigurations = (
				E1B90E2524CDFF4C0009D3A0 /* Debug */,
				E1B90E2624CDFF4C0009D3A0 /* Release */,
			);
			defaultConfigurationIsVisible = 0;
			defaultConfigurationName = Release;
		};
		E1B90E2724CDFF4C0009D3A0 /* Build configuration list for PBXNativeTarget "epsGames" */ = {
			isa = XCConfigurationList;
			buildConfigurations = (
				E1B90E2824CDFF4C0009D3A0 /* Debug */,
				E1B90E2924CDFF4C0009D3A0 /* Release */,
			);
			defaultConfigurationIsVisible = 0;
			defaultConfigurationName = Release;
		};
		E1B90E2A24CDFF4C0009D3A0 /* Build configuration list for PBXNativeTarget "epsGamesTests" */ = {
			isa = XCConfigurationList;
			buildConfigurations = (
				E1B90E2B24CDFF4C0009D3A0 /* Debug */,
				E1B90E2C24CDFF4C0009D3A0 /* Release */,
			);
			defaultConfigurationIsVisible = 0;
			defaultConfigurationName = Release;
		};
		E1B90E2D24CDFF4C0009D3A0 /* Build configuration list for PBXNativeTarget "epsGamesUITests" */ = {
			isa = XCConfigurationList;
			buildConfigurations = (
				E1B90E2E24CDFF4C0009D3A0 /* Debug */,
				E1B90E2F24CDFF4C0009D3A0 /* Release */,
			);
			defaultConfigurationIsVisible = 0;
			defaultConfigurationName = Release;
		};
/* End XCConfigurationList section */
	};
	rootObject = E1B90DF524CDFF4A0009D3A0 /* Project object */;
}
