// !$*UTF8*$!
{
	archiveVersion = 1;
	classes = {
	};
	objectVersion = 50;
	objects = {

/* Begin PBXBuildFile section */
		E1B90E0124CDFF4B0009D3A0 /* AppDelegate.swift in Sources */ = {isa = PBXBuildFile; fileRef = E1B90E0024CDFF4B0009D3A0 /* AppDelegate.swift */; };
		E1B90E0324CDFF4B0009D3A0 /* SceneDelegate.swift in Sources */ = {isa = PBXBuildFile; fileRef = E1B90E0224CDFF4B0009D3A0 /* SceneDelegate.swift */; };
		E1B90E0524CDFF4B0009D3A0 /* ViewController.swift in Sources */ = {isa = PBXBuildFile; fileRef = E1B90E0424CDFF4B0009D3A0 /* ViewController.swift */; };
		E1B90E0824CDFF4B0009D3A0 /* Main.storyboard in Resources */ = {isa = PBXBuildFile; fileRef = E1B90E0624CDFF4B0009D3A0 /* Main.storyboard */; };
		E1B90E0A24CDFF4C0009D3A0 /* Assets.xcassets in Resources */ = {isa = PBXBuildFile; fileRef = E1B90E0924CDFF4C0009D3A0 /* Assets.xcassets */; };
		E1B90E0D24CDFF4C0009D3A0 /* LaunchScreen.storyboard in Resources */ = {isa = PBXBuildFile; fileRef = E1B90E0B24CDFF4C0009D3A0 /* LaunchScreen.storyboard */; };
		E1B90E1824CDFF4C0009D3A0 /* epsGamesTests.swift in Sources */ = {isa = PBXBuildFile; fileRef = E1B90E1724CDFF4C0009D3A0 /* epsGamesTests.swift */; };
		E1B90E2324CDFF4C0009D3A0 /* epsGamesUITests.swift in Sources */ = {isa = PBXBuildFile; fileRef = E1B90E2224CDFF4C0009D3A0 /* epsGamesUITests.swift */; };
/* End PBXBuildFile section */

/* Begin PBXContainerItemProxy section */
		E1B90E1424CDFF4C0009D3A0 /* PBXContainerItemProxy */ = {
			isa = PBXContainerItemProxy;
			containerPortal = E1B90DF524CDFF4A0009D3A0 /* Project object */;
			proxyType = 1;
			remoteGlobalIDString = E1B90DFC24CDFF4B0009D3A0;
			remoteInfo = epsGames;
		};
		E1B90E1F24CDFF4C0009D3A0 /* PBXContainerItemProxy */ = {
			isa = PBXContainerItemProxy;
			containerPortal = E1B90DF524CDFF4A0009D3A0 /* Project object */;
			proxyType = 1;
			remoteGlobalIDString = E1B90DFC24CDFF4B0009D3A0;
			remoteInfo = epsGames;
		};
/* End PBXContainerItemProxy section */

/* Begin PBXFileReference section */
		E1B90DFD24CDFF4B0009D3A0 /* epsGames.app */ = {isa = PBXFileReference; explicitFileType = wrapper.application; includeInIndex = 0; path = epsGames.app; sourceTree = BUILT_PRODUCTS_DIR; };
		E1B90E0024CDFF4B0009D3A0 /* AppDelegate.swift */ = {isa = PBXFileReference; lastKnownFileType = sourcecode.swift; path = AppDelegate.swift; sourceTree = "<group>"; };
		E1B90E0224CDFF4B0009D3A0 /* SceneDelegate.swift */ = {isa = PBXFileReference; lastKnownFileType = sourcecode.swift; path = SceneDelegate.swift; sourceTree = "<group>"; };
		E1B90E0424CDFF4B0009D3A0 /* ViewController.swift */ = {isa = PBXFileReference; lastKnownFileType = sourcecode.swift; path = ViewController.swift; sourceTree = "<group>"; };
		E1B90E0724CDFF4B0009D3A0 /* Base */ = {isa = PBXFileReference; lastKnownFileType = file.storyboard; name = Base; path = Base.lproj/Main.storyboard; sourceTree = "<group>"; };
		E1B90E0924CDFF4C0009D3A0 /* Assets.xcassets */ = {isa = PBXFileReference; lastKnownFileType = folder.assetcatalog; path = Assets.xcassets; sourceTree = "<group>"; };
		E1B90E0C24CDFF4C0009D3A0 /* Base */ = {isa = PBXFileReference; lastKnownFileType = file.storyboard; name = Base; path = Base.lproj/LaunchScreen.storyboard; sourceTree = "<group>"; };
		E1B90E0E24CDFF4C0009D3A0 /* Info.plist */ = {isa = PBXFileReference; lastKnownFileType = text.plist.xml; path = Info.plist; sourceTree = "<group>"; };
		E1B90E1324CDFF4C0009D3A0 /* epsGamesTests.xctest */ = {isa = PBXFileReference; explicitFileType = wrapper.cfbundle; includeInIndex = 0; path = epsGamesTests.xctest; sourceTree = BUILT_PRODUCTS_DIR; };
		E1B90E1724CDFF4C0009D3A0 /* epsGamesTests.swift */ = {isa = PBXFileReference; lastKnownFileType = sourcecode.swift; path = epsGamesTests.swift; sourceTree = "<group>"; };
		E1B90E1924CDFF4C0009D3A0 /* Info.plist */ = {isa = PBXFileReference; lastKnownFileType = text.plist.xml; path = Info.plist; sourceTree = "<group>"; };
		E1B90E1E24CDFF4C0009D3A0 /* epsGamesUITests.xctest */ = {isa = PBXFileReference; explicitFileType = wrapper.cfbundle; includeInIndex = 0; path = epsGamesUITests.xctest; sourceTree = BUILT_PRODUCTS_DIR; };
		E1B90E2224CDFF4C0009D3A0 /* epsGamesUITests.swift */ = {isa = PBXFileReference; lastKnownFileType = sourcecode.swift; path = epsGamesUITests.swift; sourceTree = "<group>"; };
		E1B90E2424CDFF4C0009D3A0 /* Info.plist */ = {isa = PBXFileReference; lastKnownFileType = text.plist.xml; path = Info.plist; sourceTree = "<group>"; };
/* End PBXFileReference section */

/* Begin PBXFrameworksBuildPhase section */
		E1B90DFA24CDFF4B0009D3A0 /* Frameworks */ = {
			isa = PBXFrameworksBuildPhase;
			buildActionMask = 2147483647;
			files = (
			);
			runOnlyForDeploymentPostprocessing = 0;
		};
		E1B90E1024CDFF4C0009D3A0 /* Frameworks */ = {
			isa = PBXFrameworksBuildPhase;
			buildActionMask = 2147483647;
			files = (
			);
			runOnlyForDeploymentPostprocessing = 0;
		};
		E1B90E1B24CDFF4C0009D3A0 /* Frameworks */ = {
			isa = PBXFrameworksBuildPhase;
			buildActionMask = 2147483647;
			files = (
			);
			runOnlyForDeploymentPostprocessing = 0;
		};
/* End PBXFrameworksBuildPhase section */

/* Begin PBXGroup section */
		E1B90DF424CDFF4A0009D3A0 = {
			isa = PBXGroup;
			children = (
				E1B90DFF24CDFF4B0009D3A0 /* epsGames */,
				E1B90E1624CDFF4C0009D3A0 /* epsGamesTests */,
				E1B90E2124CDFF4C0009D3A0 /* epsGamesUITests */,
				E1B90DFE24CDFF4B0009D3A0 /* Products */,
			);
			sourceTree = "<group>";
		};
		E1B90DFE24CDFF4B0009D3A0 /* Products */ = {
			isa = PBXGroup;
			children = (
				E1B90DFD24CDFF4B0009D3A0 /* epsGames.app */,
				E1B90E1324CDFF4C0009D3A0 /* epsGamesTests.xctest */,
				E1B90E1E24CDFF4C0009D3A0 /* epsGamesUITests.xctest */,
			);
			name = Products;
			sourceTree = "<group>";
		};
		E1B90DFF24CDFF4B0009D3A0 /* epsGames */ = {
			isa = PBXGroup;
			children = (
				E1B90E0024CDFF4B0009D3A0 /* AppDelegate.swift */,
				E1B90E0224CDFF4B0009D3A0 /* SceneDelegate.swift */,
				E1B90E0424CDFF4B0009D3A0 /* ViewController.swift */,
				E1B90E0624CDFF4B0009D3A0 /* Main.storyboard */,
				E1B90E0924CDFF4C0009D3A0 /* Assets.xcassets */,
				E1B90E0B24CDFF4C0009D3A0 /* LaunchScreen.storyboard */,
				E1B90E0E24CDFF4C0009D3A0 /* Info.plist */,
			);
			path = epsGames;
			sourceTree = "<group>";
		};
		E1B90E1624CDFF4C0009D3A0 /* epsGamesTests */ = {
			isa = PBXGroup;
			children = (
				E1B90E1724CDFF4C0009D3A0 /* epsGamesTests.swift */,
				E1B90E1924CDFF4C0009D3A0 /* Info.plist */,
			);
			path = epsGamesTests;
			sourceTree = "<group>";
		};
		E1B90E2124CDFF4C0009D3A0 /* epsGamesUITests */ = {
			isa = PBXGroup;
			children = (
				E1B90E2224CDFF4C0009D3A0 /* epsGamesUITests.swift */,
				E1B90E2424CDFF4C0009D3A0 /* Info.plist */,
			);
			path = epsGamesUITests;
			sourceTree = "<group>";
		};
/* End PBXGroup section */

/* Begin PBXNativeTarget section */
		E1B90DFC24CDFF4B0009D3A0 /* epsGames */ = {
			isa = PBXNativeTarget;
			buildConfigurationList = E1B90E2724CDFF4C0009D3A0 /* Build configuration list for PBXNativeTarget "epsGames" */;
			buildPhases = (
				E1B90DF924CDFF4B0009D3A0 /* Sources */,
				E1B90DFA24CDFF4B0009D3A0 /* Frameworks */,
				E1B90DFB24CDFF4B0009D3A0 /* Resources */,
			);
			buildRules = (
			);
			dependencies = (
			);
			name = epsGames;
			productName = epsGames;
			productReference = E1B90DFD24CDFF4B0009D3A0 /* epsGames.app */;
			productType = "com.apple.product-type.application";
		};
		E1B90E1224CDFF4C0009D3A0 /* epsGamesTests */ = {
			isa = PBXNativeTarget;
			buildConfigurationList = E1B90E2A24CDFF4C0009D3A0 /* Build configuration list for PBXNativeTarget "epsGamesTests" */;
			buildPhases = (
				E1B90E0F24CDFF4C0009D3A0 /* Sources */,
				E1B90E1024CDFF4C0009D3A0 /* Frameworks */,
				E1B90E1124CDFF4C0009D3A0 /* Resources */,
			);
			buildRules = (
			);
			dependencies = (
				E1B90E1524CDFF4C0009D3A0 /* PBXTargetDependency */,
			);
			name = epsGamesTests;
			productName = epsGamesTests;
			productReference = E1B90E1324CDFF4C0009D3A0 /* epsGamesTests.xctest */;
			productType = "com.apple.product-type.bundle.unit-test";
		};
		E1B90E1D24CDFF4C0009D3A0 /* epsGamesUITests */ = {
			isa = PBXNativeTarget;
			buildConfigurationList = E1B90E2D24CDFF4C0009D3A0 /* Build configuration list for PBXNativeTarget "epsGamesUITests" */;
			buildPhases = (
				E1B90E1A24CDFF4C0009D3A0 /* Sources */,
				E1B90E1B24CDFF4C0009D3A0 /* Frameworks */,
				E1B90E1C24CDFF4C0009D3A0 /* Resources */,
			);
			buildRules = (
			);
			dependencies = (
				E1B90E2024CDFF4C0009D3A0 /* PBXTargetDependency */,
			);
			name = epsGamesUITests;
			productName = epsGamesUITests;
			productReference = E1B90E1E24CDFF4C0009D3A0 /* epsGamesUITests.xctest */;
			productType = "com.apple.product-type.bundle.ui-testing";
		};
/* End PBXNativeTarget section */

/* Begin PBXProject section */
		E1B90DF524CDFF4A0009D3A0 /* Project object */ = {
			isa = PBXProject;
			attributes = {
				LastSwiftUpdateCheck = 1150;
				LastUpgradeCheck = 1150;
				ORGANIZATIONNAME = "Sergey Mikhailov";
				TargetAttributes = {
					E1B90DFC24CDFF4B0009D3A0 = {
						CreatedOnToolsVersion = 11.5;
					};
					E1B90E1224CDFF4C0009D3A0 = {
						CreatedOnToolsVersion = 11.5;
						TestTargetID = E1B90DFC24CDFF4B0009D3A0;
					};
					E1B90E1D24CDFF4C0009D3A0 = {
						CreatedOnToolsVersion = 11.5;
						TestTargetID = E1B90DFC24CDFF4B0009D3A0;
					};
				};
			};
			buildConfigurationList = E1B90DF824CDFF4B0009D3A0 /* Build configuration list for PBXProject "epsGames" */;
			compatibilityVersion = "Xcode 9.3";
			developmentRegion = en;
			hasScannedForEncodings = 0;
			knownRegions = (
				en,
				Base,
			);
			mainGroup = E1B90DF424CDFF4A0009D3A0;
			productRefGroup = E1B90DFE24CDFF4B0009D3A0 /* Products */;
			projectDirPath = "";
			projectRoot = "";
			targets = (
				E1B90DFC24CDFF4B0009D3A0 /* epsGames */,
				E1B90E1224CDFF4C0009D3A0 /* epsGamesTests */,
				E1B90E1D24CDFF4C0009D3A0 /* epsGamesUITests */,
			);
		};
/* End PBXProject section */

/* Begin PBXResourcesBuildPhase section */
		E1B90DFB24CDFF4B0009D3A0 /* Resources */ = {
			isa = PBXResourcesBuildPhase;
			buildActionMask = 2147483647;
			files = (
				E1B90E0D24CDFF4C0009D3A0 /* LaunchScreen.storyboard in Resources */,
				E1B90E0A24CDFF4C0009D3A0 /* Assets.xcassets in Resources */,
				E1B90E0824CDFF4B0009D3A0 /* Main.storyboard in Resources */,
			);
			runOnlyForDeploymentPostprocessing = 0;
		};
		E1B90E1124CDFF4C0009D3A0 /* Resources */ = {
			isa = PBXResourcesBuildPhase;
			buildActionMask = 2147483647;
			files = (
			);
			runOnlyForDeploymentPostprocessing = 0;
		};
		E1B90E1C24CDFF4C0009D3A0 /* Resources */ = {
			isa = PBXResourcesBuildPhase;
			buildActionMask = 2147483647;
			files = (
			);
			runOnlyForDeploymentPostprocessing = 0;
		};
/* End PBXResourcesBuildPhase section */

/* Begin PBXSourcesBuildPhase section */
		E1B90DF924CDFF4B0009D3A0 /* Sources */ = {
			isa = PBXSourcesBuildPhase;
			buildActionMask = 2147483647;
			files = (
				E1B90E0524CDFF4B0009D3A0 /* ViewController.swift in Sources */,
				E1B90E0124CDFF4B0009D3A0 /* AppDelegate.swift in Sources */,
				E1B90E0324CDFF4B0009D3A0 /* SceneDelegate.swift in Sources */,
			);
			runOnlyForDeploymentPostprocessing = 0;
		};
		E1B90E0F24CDFF4C0009D3A0 /* Sources */ = {
			isa = PBXSourcesBuildPhase;
			buildActionMask = 2147483647;
			files = (
				E1B90E1824CDFF4C0009D3A0 /* epsGamesTests.swift in Sources */,
			);
			runOnlyForDeploymentPostprocessing = 0;
		};
		E1B90E1A24CDFF4C0009D3A0 /* Sources */ = {
			isa = PBXSourcesBuildPhase;
			buildActionMask = 2147483647;
			files = (
				E1B90E2324CDFF4C0009D3A0 /* epsGamesUITests.swift in Sources */,
			);
			runOnlyForDeploymentPostprocessing = 0;
		};
/* End PBXSourcesBuildPhase section */

/* Begin PBXTargetDependency section */
		E1B90E1524CDFF4C0009D3A0 /* PBXTargetDependency */ = {
			isa = PBXTargetDependency;
			target = E1B90DFC24CDFF4B0009D3A0 /* epsGames */;
			targetProxy = E1B90E1424CDFF4C0009D3A0 /* PBXContainerItemProxy */;
		};
		E1B90E2024CDFF4C0009D3A0 /* PBXTargetDependency */ = {
			isa = PBXTargetDependency;
			target = E1B90DFC24CDFF4B0009D3A0 /* epsGames */;
			targetProxy = E1B90E1F24CDFF4C0009D3A0 /* PBXContainerItemProxy */;
		};
/* End PBXTargetDependency section */

/* Begin PBXVariantGroup section */
		E1B90E0624CDFF4B0009D3A0 /* Main.storyboard */ = {
			isa = PBXVariantGroup;
			children = (
				E1B90E0724CDFF4B0009D3A0 /* Base */,
			);
			name = Main.storyboard;
			sourceTree = "<group>";
		};
		E1B90E0B24CDFF4C0009D3A0 /* LaunchScreen.storyboard */ = {
			isa = PBXVariantGroup;
			children = (
				E1B90E0C24CDFF4C0009D3A0 /* Base */,
			);
			name = LaunchScreen.storyboard;
			sourceTree = "<group>";
		};
/* End PBXVariantGroup section */

/* Begin XCBuildConfiguration section */
		E1B90E2524CDFF4C0009D3A0 /* Debug */ = {
			isa = XCBuildConfiguration;
			buildSettings = {
				ALWAYS_SEARCH_USER_PATHS = NO;
				CLANG_ANALYZER_NONNULL = YES;
				CLANG_ANALYZER_NUMBER_OBJECT_CONVERSION = YES_AGGRESSIVE;
				CLANG_CXX_LANGUAGE_STANDARD = "gnu++14";
				CLANG_CXX_LIBRARY = "libc++";
				CLANG_ENABLE_MODULES = YES;
				CLANG_ENABLE_OBJC_ARC = YES;
				CLANG_ENABLE_OBJC_WEAK = YES;
				CLANG_WARN_BLOCK_CAPTURE_AUTORELEASING = YES;
				CLANG_WARN_BOOL_CONVERSION = YES;
				CLANG_WARN_COMMA = YES;
				CLANG_WARN_CONSTANT_CONVERSION = YES;
				CLANG_WARN_DEPRECATED_OBJC_IMPLEMENTATIONS = YES;
				CLANG_WARN_DIRECT_OBJC_ISA_USAGE = YES_ERROR;
				CLANG_WARN_DOCUMENTATION_COMMENTS = YES;
				CLANG_WARN_EMPTY_BODY = YES;
				CLANG_WARN_ENUM_CONVERSION = YES;
				CLANG_WARN_INFINITE_RECURSION = YES;
				CLANG_WARN_INT_CONVERSION = YES;
				CLANG_WARN_NON_LITERAL_NULL_CONVERSION = YES;
				CLANG_WARN_OBJC_IMPLICIT_RETAIN_SELF = YES;
				CLANG_WARN_OBJC_LITERAL_CONVERSION = YES;
				CLANG_WARN_OBJC_ROOT_CLASS = YES_ERROR;
				CLANG_WARN_RANGE_LOOP_ANALYSIS = YES;
				CLANG_WARN_STRICT_PROTOTYPES = YES;
				CLANG_WARN_SUSPICIOUS_MOVE = YES;
				CLANG_WARN_UNGUARDED_AVAILABILITY = YES_AGGRESSIVE;
				CLANG_WARN_UNREACHABLE_CODE = YES;
				CLANG_WARN__DUPLICATE_METHOD_MATCH = YES;
				COPY_PHASE_STRIP = NO;
				DEBUG_INFORMATION_FORMAT = dwarf;
				ENABLE_STRICT_OBJC_MSGSEND = YES;
				ENABLE_TESTABILITY = YES;
				GCC_C_LANGUAGE_STANDARD = gnu11;
				GCC_DYNAMIC_NO_PIC = NO;
				GCC_NO_COMMON_BLOCKS = YES;
				GCC_OPTIMIZATION_LEVEL = 0;
				GCC_PREPROCESSOR_DEFINITIONS = (
					"DEBUG=1",
					"$(inherited)",
				);
				GCC_WARN_64_TO_32_BIT_CONVERSION = YES;
				GCC_WARN_ABOUT_RETURN_TYPE = YES_ERROR;
				GCC_WARN_UNDECLARED_SELECTOR = YES;
				GCC_WARN_UNINITIALIZED_AUTOS = YES_AGGRESSIVE;
				GCC_WARN_UNUSED_FUNCTION = YES;
				GCC_WARN_UNUSED_VARIABLE = YES;
				IPHONEOS_DEPLOYMENT_TARGET = 11.0;
				MTL_ENABLE_DEBUG_INFO = INCLUDE_SOURCE;
				MTL_FAST_MATH = YES;
				ONLY_ACTIVE_ARCH = YES;
				SDKROOT = iphoneos;
				SWIFT_ACTIVE_COMPILATION_CONDITIONS = DEBUG;
				SWIFT_OPTIMIZATION_LEVEL = "-Onone";
			};
			name = Debug;
		};
		E1B90E2624CDFF4C0009D3A0 /* Release */ = {
			isa = XCBuildConfiguration;
			buildSettings = {
				ALWAYS_SEARCH_USER_PATHS = NO;
				CLANG_ANALYZER_NONNULL = YES;
				CLANG_ANALYZER_NUMBER_OBJECT_CONVERSION = YES_AGGRESSIVE;
				CLANG_CXX_LANGUAGE_STANDARD = "gnu++14";
				CLANG_CXX_LIBRARY = "libc++";
				CLANG_ENABLE_MODULES = YES;
				CLANG_ENABLE_OBJC_ARC = YES;
				CLANG_ENABLE_OBJC_WEAK = YES;
				CLANG_WARN_BLOCK_CAPTURE_AUTORELEASING = YES;
				CLANG_WARN_BOOL_CONVERSION = YES;
				CLANG_WARN_COMMA = YES;
				CLANG_WARN_CONSTANT_CONVERSION = YES;
				CLANG_WARN_DEPRECATED_OBJC_IMPLEMENTATIONS = YES;
				CLANG_WARN_DIRECT_OBJC_ISA_USAGE = YES_ERROR;
				CLANG_WARN_DOCUMENTATION_COMMENTS = YES;
				CLANG_WARN_EMPTY_BODY = YES;
				CLANG_WARN_ENUM_CONVERSION = YES;
				CLANG_WARN_INFINITE_RECURSION = YES;
				CLANG_WARN_INT_CONVERSION = YES;
				CLANG_WARN_NON_LITERAL_NULL_CONVERSION = YES;
				CLANG_WARN_OBJC_IMPLICIT_RETAIN_SELF = YES;
				CLANG_WARN_OBJC_LITERAL_CONVERSION = YES;
				CLANG_WARN_OBJC_ROOT_CLASS = YES_ERROR;
				CLANG_WARN_RANGE_LOOP_ANALYSIS = YES;
				CLANG_WARN_STRICT_PROTOTYPES = YES;
				CLANG_WARN_SUSPICIOUS_MOVE = YES;
				CLANG_WARN_UNGUARDED_AVAILABILITY = YES_AGGRESSIVE;
				CLANG_WARN_UNREACHABLE_CODE = YES;
				CLANG_WARN__DUPLICATE_METHOD_MATCH = YES;
				COPY_PHASE_STRIP = NO;
				DEBUG_INFORMATION_FORMAT = "dwarf-with-dsym";
				ENABLE_NS_ASSERTIONS = NO;
				ENABLE_STRICT_OBJC_MSGSEND = YES;
				GCC_C_LANGUAGE_STANDARD = gnu11;
				GCC_NO_COMMON_BLOCKS = YES;
				GCC_WARN_64_TO_32_BIT_CONVERSION = YES;
				GCC_WARN_ABOUT_RETURN_TYPE = YES_ERROR;
				GCC_WARN_UNDECLARED_SELECTOR = YES;
				GCC_WARN_UNINITIALIZED_AUTOS = YES_AGGRESSIVE;
				GCC_WARN_UNUSED_FUNCTION = YES;
				GCC_WARN_UNUSED_VARIABLE = YES;
				IPHONEOS_DEPLOYMENT_TARGET = 11.0;
				MTL_ENABLE_DEBUG_INFO = NO;
				MTL_FAST_MATH = YES;
				SDKROOT = iphoneos;
				SWIFT_COMPILATION_MODE = wholemodule;
				SWIFT_OPTIMIZATION_LEVEL = "-O";
				VALIDATE_PRODUCT = YES;
			};
			name = Release;
		};
		E1B90E2824CDFF4C0009D3A0 /* Debug */ = {
			isa = XCBuildConfiguration;
			buildSettings = {
				ASSETCATALOG_COMPILER_APPICON_NAME = AppIcon;
				CODE_SIGN_STYLE = Automatic;
				DEVELOPMENT_TEAM = XBW4F9AQY3;
				INFOPLIST_FILE = epsGames/Info.plist;
				LD_RUNPATH_SEARCH_PATHS = (
					"$(inherited)",
					"@executable_path/Frameworks",
				);
				PRODUCT_BUNDLE_IDENTIFIER = "Our-Crafted-Apps.epsGames";
				PRODUCT_NAME = "$(TARGET_NAME)";
				SWIFT_VERSION = 5.0;
				TARGETED_DEVICE_FAMILY = "1,2";
			};
			name = Debug;
		};
		E1B90E2924CDFF4C0009D3A0 /* Release */ = {
			isa = XCBuildConfiguration;
			buildSettings = {
				ASSETCATALOG_COMPILER_APPICON_NAME = AppIcon;
				CODE_SIGN_STYLE = Automatic;
				DEVELOPMENT_TEAM = XBW4F9AQY3;
				INFOPLIST_FILE = epsGames/Info.plist;
				LD_RUNPATH_SEARCH_PATHS = (
					"$(inherited)",
					"@executable_path/Frameworks",
				);
				PRODUCT_BUNDLE_IDENTIFIER = "Our-Crafted-Apps.epsGames";
				PRODUCT_NAME = "$(TARGET_NAME)";
				SWIFT_VERSION = 5.0;
				TARGETED_DEVICE_FAMILY = "1,2";
			};
			name = Release;
		};
		E1B90E2B24CDFF4C0009D3A0 /* Debug */ = {
			isa = XCBuildConfiguration;
			buildSettings = {
				ALWAYS_EMBED_SWIFT_STANDARD_LIBRARIES = YES;
				BUNDLE_LOADER = "$(TEST_HOST)";
				CODE_SIGN_STYLE = Automatic;
				DEVELOPMENT_TEAM = XBW4F9AQY3;
				INFOPLIST_FILE = epsGamesTests/Info.plist;
				IPHONEOS_DEPLOYMENT_TARGET = 13.5;
				LD_RUNPATH_SEARCH_PATHS = (
					"$(inherited)",
					"@executable_path/Frameworks",
					"@loader_path/Frameworks",
				);
				PRODUCT_BUNDLE_IDENTIFIER = "Our-Crafted-Apps.epsGamesTests";
				PRODUCT_NAME = "$(TARGET_NAME)";
				SWIFT_VERSION = 5.0;
				TARGETED_DEVICE_FAMILY = "1,2";
				TEST_HOST = "$(BUILT_PRODUCTS_DIR)/epsGames.app/epsGames";
			};
			name = Debug;
		};
		E1B90E2C24CDFF4C0009D3A0 /* Release */ = {
			isa = XCBuildConfiguration;
			buildSettings = {
				ALWAYS_EMBED_SWIFT_STANDARD_LIBRARIES = YES;
				BUNDLE_LOADER = "$(TEST_HOST)";
				CODE_SIGN_STYLE = Automatic;
				DEVELOPMENT_TEAM = XBW4F9AQY3;
				INFOPLIST_FILE = epsGamesTests/Info.plist;
				IPHONEOS_DEPLOYMENT_TARGET = 13.5;
				LD_RUNPATH_SEARCH_PATHS = (
					"$(inherited)",
					"@executable_path/Frameworks",
					"@loader_path/Frameworks",
				);
				PRODUCT_BUNDLE_IDENTIFIER = "Our-Crafted-Apps.epsGamesTests";
				PRODUCT_NAME = "$(TARGET_NAME)";
				SWIFT_VERSION = 5.0;
				TARGETED_DEVICE_FAMILY = "1,2";
				TEST_HOST = "$(BUILT_PRODUCTS_DIR)/epsGames.app/epsGames";
			};
			name = Release;
		};
		E1B90E2E24CDFF4C0009D3A0 /* Debug */ = {
			isa = XCBuildConfiguration;
			buildSettings = {
				ALWAYS_EMBED_SWIFT_STANDARD_LIBRARIES = YES;
				CODE_SIGN_STYLE = Automatic;
				DEVELOPMENT_TEAM = XBW4F9AQY3;
				INFOPLIST_FILE = epsGamesUITests/Info.plist;
				LD_RUNPATH_SEARCH_PATHS = (
					"$(inherited)",
					"@executable_path/Frameworks",
					"@loader_path/Frameworks",
				);
				PRODUCT_BUNDLE_IDENTIFIER = "Our-Crafted-Apps.epsGamesUITests";
				PRODUCT_NAME = "$(TARGET_NAME)";
				SWIFT_VERSION = 5.0;
				TARGETED_DEVICE_FAMILY = "1,2";
				TEST_TARGET_NAME = epsGames;
			};
			name = Debug;
		};
		E1B90E2F24CDFF4C0009D3A0 /* Release */ = {
			isa = XCBuildConfiguration;
			buildSettings = {
				ALWAYS_EMBED_SWIFT_STANDARD_LIBRARIES = YES;
				CODE_SIGN_STYLE = Automatic;
				DEVELOPMENT_TEAM = XBW4F9AQY3;
				INFOPLIST_FILE = epsGamesUITests/Info.plist;
				LD_RUNPATH_SEARCH_PATHS = (
					"$(inherited)",
					"@executable_path/Frameworks",
					"@loader_path/Frameworks",
				);
				PRODUCT_BUNDLE_IDENTIFIER = "Our-Crafted-Apps.epsGamesUITests";
				PRODUCT_NAME = "$(TARGET_NAME)";
				SWIFT_VERSION = 5.0;
				TARGETED_DEVICE_FAMILY = "1,2";
				TEST_TARGET_NAME = epsGames;
			};
			name = Release;
		};
/* End XCBuildConfiguration section */

/* Begin XCConfigurationList section */
		E1B90DF824CDFF4B0009D3A0 /* Build configuration list for PBXProject "epsGames" */ = {
			isa = XCConfigurationList;
			buildConfigurations = (
				E1B90E2524CDFF4C0009D3A0 /* Debug */,
				E1B90E2624CDFF4C0009D3A0 /* Release */,
			);
			defaultConfigurationIsVisible = 0;
			defaultConfigurationName = Release;
		};
		E1B90E2724CDFF4C0009D3A0 /* Build configuration list for PBXNativeTarget "epsGames" */ = {
			isa = XCConfigurationList;
			buildConfigurations = (
				E1B90E2824CDFF4C0009D3A0 /* Debug */,
				E1B90E2924CDFF4C0009D3A0 /* Release */,
			);
			defaultConfigurationIsVisible = 0;
			defaultConfigurationName = Release;
		};
		E1B90E2A24CDFF4C0009D3A0 /* Build configuration list for PBXNativeTarget "epsGamesTests" */ = {
			isa = XCConfigurationList;
			buildConfigurations = (
				E1B90E2B24CDFF4C0009D3A0 /* Debug */,
				E1B90E2C24CDFF4C0009D3A0 /* Release */,
			);
			defaultConfigurationIsVisible = 0;
			defaultConfigurationName = Release;
		};
		E1B90E2D24CDFF4C0009D3A0 /* Build configuration list for PBXNativeTarget "epsGamesUITests" */ = {
			isa = XCConfigurationList;
			buildConfigurations = (
				E1B90E2E24CDFF4C0009D3A0 /* Debug */,
				E1B90E2F24CDFF4C0009D3A0 /* Release */,
			);
			defaultConfigurationIsVisible = 0;
			defaultConfigurationName = Release;
		};
/* End XCConfigurationList section */
	};
	rootObject = E1B90DF524CDFF4A0009D3A0 /* Project object */;
}
